Microsoft Visual Studio Solution File, Format Version 12.00
# Visual Studio 15
VisualStudioVersion = 15.0.27130.2027
MinimumVisualStudioVersion = 10.0.40219.1
Project("{2150E333-8FDC-42A3-9474-1A3956D46DE8}") = "CMakePredefinedTargets", "CMakePredefinedTargets", "{8657C448-D871-374C-B9E3-FC10B1C7ECEA}"
EndProject
Project("{8BC9CEB8-8B4A-11D0-8D11-00A0C91BC942}") = "ALL_BUILD", "ALL_BUILD.vcxproj", "{68278B32-9797-39E3-BFD0-ED40CAD2A37F}"
	ProjectSection(ProjectDependencies) = postProject
		{F2F50875-7508-3388-B75D-AC980DD8DA81} = {F2F50875-7508-3388-B75D-AC980DD8DA81}
		{C8EFAC64-144D-3296-8689-36685C75060C} = {C8EFAC64-144D-3296-8689-36685C75060C}
		{0917FCB0-4CE1-3034-BC4C-FF3779A2B38D} = {0917FCB0-4CE1-3034-BC4C-FF3779A2B38D}
		{AAAF554C-E94A-3C72-82BD-C61C2AB089B3} = {AAAF554C-E94A-3C72-82BD-C61C2AB089B3}
		{598218F4-AB55-3DFD-965A-E57BD79F14E2} = {598218F4-AB55-3DFD-965A-E57BD79F14E2}
		{C922C95B-DDC3-37FC-816A-395F78D0051D} = {C922C95B-DDC3-37FC-816A-395F78D0051D}
		{278A46D9-F477-367B-A5BA-EDCD4F953882} = {278A46D9-F477-367B-A5BA-EDCD4F953882}
		{FDBF257B-BAE3-3F0E-93D1-5B0A4FAA35C4} = {FDBF257B-BAE3-3F0E-93D1-5B0A4FAA35C4}
	EndProjectSection
EndProject
Project("{8BC9CEB8-8B4A-11D0-8D11-00A0C91BC942}") = "INSTALL", "INSTALL.vcxproj", "{A195DD0D-2A36-34AB-BD2A-7C2D04150EC9}"
	ProjectSection(ProjectDependencies) = postProject
		{68278B32-9797-39E3-BFD0-ED40CAD2A37F} = {68278B32-9797-39E3-BFD0-ED40CAD2A37F}
		{F2F50875-7508-3388-B75D-AC980DD8DA81} = {F2F50875-7508-3388-B75D-AC980DD8DA81}
	EndProjectSection
EndProject
Project("{8BC9CEB8-8B4A-11D0-8D11-00A0C91BC942}") = "ZERO_CHECK", "ZERO_CHECK.vcxproj", "{F2F50875-7508-3388-B75D-AC980DD8DA81}"
EndProject
Project("{8BC9CEB8-8B4A-11D0-8D11-00A0C91BC942}") = "app", "app\app.vcxproj", "{C8EFAC64-144D-3296-8689-36685C75060C}"
	ProjectSection(ProjectDependencies) = postProject
		{F2F50875-7508-3388-B75D-AC980DD8DA81} = {F2F50875-7508-3388-B75D-AC980DD8DA81}
	EndProjectSection
EndProject
Project("{8BC9CEB8-8B4A-11D0-8D11-00A0C91BC942}") = "baseevent", "baseevent\baseevent.vcxproj", "{0917FCB0-4CE1-3034-BC4C-FF3779A2B38D}"
	ProjectSection(ProjectDependencies) = postProject
		{F2F50875-7508-3388-B75D-AC980DD8DA81} = {F2F50875-7508-3388-B75D-AC980DD8DA81}
	EndProjectSection
EndProject
Project("{8BC9CEB8-8B4A-11D0-8D11-00A0C91BC942}") = "comm", "comm\comm.vcxproj", "{AAAF554C-E94A-3C72-82BD-C61C2AB089B3}"
	ProjectSection(ProjectDependencies) = postProject
		{F2F50875-7508-3388-B75D-AC980DD8DA81} = {F2F50875-7508-3388-B75D-AC980DD8DA81}
	EndProjectSection
EndProject
Project("{8BC9CEB8-8B4A-11D0-8D11-00A0C91BC942}") = "mars-boost", "boost\mars-boost.vcxproj", "{598218F4-AB55-3DFD-965A-E57BD79F14E2}"
	ProjectSection(ProjectDependencies) = postProject
		{F2F50875-7508-3388-B75D-AC980DD8DA81} = {F2F50875-7508-3388-B75D-AC980DD8DA81}
	EndProjectSection
EndProject
Project("{8BC9CEB8-8B4A-11D0-8D11-00A0C91BC942}") = "sdt", "sdt\sdt.vcxproj", "{C922C95B-DDC3-37FC-816A-395F78D0051D}"
	ProjectSection(ProjectDependencies) = postProject
		{F2F50875-7508-3388-B75D-AC980DD8DA81} = {F2F50875-7508-3388-B75D-AC980DD8DA81}
	EndProjectSection
EndProject
Project("{8BC9CEB8-8B4A-11D0-8D11-00A0C91BC942}") = "stn", "stn\stn.vcxproj", "{278A46D9-F477-367B-A5BA-EDCD4F953882}"
	ProjectSection(ProjectDependencies) = postProject
		{F2F50875-7508-3388-B75D-AC980DD8DA81} = {F2F50875-7508-3388-B75D-AC980DD8DA81}
	EndProjectSection
EndProject
Project("{8BC9CEB8-8B4A-11D0-8D11-00A0C91BC942}") = "xlog", "xlog\xlog.vcxproj", "{FDBF257B-BAE3-3F0E-93D1-5B0A4FAA35C4}"
	ProjectSection(ProjectDependencies) = postProject
		{F2F50875-7508-3388-B75D-AC980DD8DA81} = {F2F50875-7508-3388-B75D-AC980DD8DA81}
	EndProjectSection
EndProject
Project("{8BC9CEB8-8B4A-11D0-8D11-00A0C91BC942}") = "RakNet", "raknet\raknet.vcxproj", "{143F9B67-C223-4F2D-B8F9-B644CA710CA6}"
EndProject
Global
	GlobalSection(SolutionConfigurationPlatforms) = preSolution
		Debug|x64 = Debug|x64
		Debug|x86 = Debug|x86
		Release|x64 = Release|x64
		Release|x86 = Release|x86
	EndGlobalSection
	GlobalSection(ProjectConfigurationPlatforms) = postSolution
		{68278B32-9797-39E3-BFD0-ED40CAD2A37F}.Debug|x64.ActiveCfg = Debug|x64
		{68278B32-9797-39E3-BFD0-ED40CAD2A37F}.Debug|x64.Build.0 = Debug|x64
		{68278B32-9797-39E3-BFD0-ED40CAD2A37F}.Debug|x86.ActiveCfg = Debug|x64
		{68278B32-9797-39E3-BFD0-ED40CAD2A37F}.Release|x64.ActiveCfg = Release|x64
		{68278B32-9797-39E3-BFD0-ED40CAD2A37F}.Release|x64.Build.0 = Release|x64
		{68278B32-9797-39E3-BFD0-ED40CAD2A37F}.Release|x86.ActiveCfg = Release|x64
		{A195DD0D-2A36-34AB-BD2A-7C2D04150EC9}.Debug|x64.ActiveCfg = Debug|x64
		{A195DD0D-2A36-34AB-BD2A-7C2D04150EC9}.Debug|x86.ActiveCfg = Debug|x64
		{A195DD0D-2A36-34AB-BD2A-7C2D04150EC9}.Release|x64.ActiveCfg = Release|x64
		{A195DD0D-2A36-34AB-BD2A-7C2D04150EC9}.Release|x86.ActiveCfg = Release|x64
		{F2F50875-7508-3388-B75D-AC980DD8DA81}.Debug|x64.ActiveCfg = Debug|x64
		{F2F50875-7508-3388-B75D-AC980DD8DA81}.Debug|x64.Build.0 = Debug|x64
		{F2F50875-7508-3388-B75D-AC980DD8DA81}.Debug|x86.ActiveCfg = Debug|x64
		{F2F50875-7508-3388-B75D-AC980DD8DA81}.Release|x64.ActiveCfg = Release|x64
		{F2F50875-7508-3388-B75D-AC980DD8DA81}.Release|x64.Build.0 = Release|x64
		{F2F50875-7508-3388-B75D-AC980DD8DA81}.Release|x86.ActiveCfg = Release|x64
		{C8EFAC64-144D-3296-8689-36685C75060C}.Debug|x64.ActiveCfg = Debug|x64
		{C8EFAC64-144D-3296-8689-36685C75060C}.Debug|x64.Build.0 = Debug|x64
		{C8EFAC64-144D-3296-8689-36685C75060C}.Debug|x86.ActiveCfg = Debug|x64
		{C8EFAC64-144D-3296-8689-36685C75060C}.Release|x64.ActiveCfg = Release|x64
		{C8EFAC64-144D-3296-8689-36685C75060C}.Release|x64.Build.0 = Release|x64
		{C8EFAC64-144D-3296-8689-36685C75060C}.Release|x86.ActiveCfg = Release|x64
		{0917FCB0-4CE1-3034-BC4C-FF3779A2B38D}.Debug|x64.ActiveCfg = Debug|x64
		{0917FCB0-4CE1-3034-BC4C-FF3779A2B38D}.Debug|x64.Build.0 = Debug|x64
		{0917FCB0-4CE1-3034-BC4C-FF3779A2B38D}.Debug|x86.ActiveCfg = Debug|x64
		{0917FCB0-4CE1-3034-BC4C-FF3779A2B38D}.Release|x64.ActiveCfg = Release|x64
		{0917FCB0-4CE1-3034-BC4C-FF3779A2B38D}.Release|x64.Build.0 = Release|x64
		{0917FCB0-4CE1-3034-BC4C-FF3779A2B38D}.Release|x86.ActiveCfg = Release|x64
		{AAAF554C-E94A-3C72-82BD-C61C2AB089B3}.Debug|x64.ActiveCfg = Debug|x64
		{AAAF554C-E94A-3C72-82BD-C61C2AB089B3}.Debug|x64.Build.0 = Debug|x64
		{AAAF554C-E94A-3C72-82BD-C61C2AB089B3}.Debug|x86.ActiveCfg = Debug|x64
		{AAAF554C-E94A-3C72-82BD-C61C2AB089B3}.Release|x64.ActiveCfg = Release|x64
		{AAAF554C-E94A-3C72-82BD-C61C2AB089B3}.Release|x64.Build.0 = Release|x64
		{AAAF554C-E94A-3C72-82BD-C61C2AB089B3}.Release|x86.ActiveCfg = Release|x64
		{598218F4-AB55-3DFD-965A-E57BD79F14E2}.Debug|x64.ActiveCfg = Debug|x64
		{598218F4-AB55-3DFD-965A-E57BD79F14E2}.Debug|x64.Build.0 = Debug|x64
		{598218F4-AB55-3DFD-965A-E57BD79F14E2}.Debug|x86.ActiveCfg = Debug|x64
		{598218F4-AB55-3DFD-965A-E57BD79F14E2}.Release|x64.ActiveCfg = Release|x64
		{598218F4-AB55-3DFD-965A-E57BD79F14E2}.Release|x64.Build.0 = Release|x64
		{598218F4-AB55-3DFD-965A-E57BD79F14E2}.Release|x86.ActiveCfg = Release|x64
		{C922C95B-DDC3-37FC-816A-395F78D0051D}.Debug|x64.ActiveCfg = Debug|x64
		{C922C95B-DDC3-37FC-816A-395F78D0051D}.Debug|x64.Build.0 = Debug|x64
		{C922C95B-DDC3-37FC-816A-395F78D0051D}.Debug|x86.ActiveCfg = Debug|x64
		{C922C95B-DDC3-37FC-816A-395F78D0051D}.Release|x64.ActiveCfg = Release|x64
		{C922C95B-DDC3-37FC-816A-395F78D0051D}.Release|x64.Build.0 = Release|x64
		{C922C95B-DDC3-37FC-816A-395F78D0051D}.Release|x86.ActiveCfg = Release|x64
		{278A46D9-F477-367B-A5BA-EDCD4F953882}.Debug|x64.ActiveCfg = Debug|x64
		{278A46D9-F477-367B-A5BA-EDCD4F953882}.Debug|x64.Build.0 = Debug|x64
		{278A46D9-F477-367B-A5BA-EDCD4F953882}.Debug|x86.ActiveCfg = Debug|x64
		{278A46D9-F477-367B-A5BA-EDCD4F953882}.Release|x64.ActiveCfg = Release|x64
		{278A46D9-F477-367B-A5BA-EDCD4F953882}.Release|x64.Build.0 = Release|x64
		{278A46D9-F477-367B-A5BA-EDCD4F953882}.Release|x86.ActiveCfg = Release|x64
		{FDBF257B-BAE3-3F0E-93D1-5B0A4FAA35C4}.Debug|x64.ActiveCfg = Debug|x64
		{FDBF257B-BAE3-3F0E-93D1-5B0A4FAA35C4}.Debug|x64.Build.0 = Debug|x64
		{FDBF257B-BAE3-3F0E-93D1-5B0A4FAA35C4}.Debug|x86.ActiveCfg = Debug|x64
		{FDBF257B-BAE3-3F0E-93D1-5B0A4FAA35C4}.Release|x64.ActiveCfg = Release|x64
		{FDBF257B-BAE3-3F0E-93D1-5B0A4FAA35C4}.Release|x64.Build.0 = Release|x64
		{FDBF257B-BAE3-3F0E-93D1-5B0A4FAA35C4}.Release|x86.ActiveCfg = Release|x64
		{143F9B67-C223-4F2D-B8F9-B644CA710CA6}.Debug|x64.ActiveCfg = Debug|x64
		{143F9B67-C223-4F2D-B8F9-B644CA710CA6}.Debug|x64.Build.0 = Debug|x64
		{143F9B67-C223-4F2D-B8F9-B644CA710CA6}.Debug|x86.ActiveCfg = Debug|Win32
		{143F9B67-C223-4F2D-B8F9-B644CA710CA6}.Debug|x86.Build.0 = Debug|Win32
		{143F9B67-C223-4F2D-B8F9-B644CA710CA6}.Release|x64.ActiveCfg = Release|x64
		{143F9B67-C223-4F2D-B8F9-B644CA710CA6}.Release|x64.Build.0 = Release|x64
		{143F9B67-C223-4F2D-B8F9-B644CA710CA6}.Release|x86.ActiveCfg = Release|Win32
		{143F9B67-C223-4F2D-B8F9-B644CA710CA6}.Release|x86.Build.0 = Release|Win32
	EndGlobalSection
	GlobalSection(SolutionProperties) = preSolution
		HideSolutionNode = FALSE
	EndGlobalSection
	GlobalSection(NestedProjects) = preSolution
		{68278B32-9797-39E3-BFD0-ED40CAD2A37F} = {8657C448-D871-374C-B9E3-FC10B1C7ECEA}
		{A195DD0D-2A36-34AB-BD2A-7C2D04150EC9} = {8657C448-D871-374C-B9E3-FC10B1C7ECEA}
		{F2F50875-7508-3388-B75D-AC980DD8DA81} = {8657C448-D871-374C-B9E3-FC10B1C7ECEA}
	EndGlobalSection
	GlobalSection(ExtensibilityGlobals) = postSolution
		SolutionGuid = {920AEA05-F9ED-39D1-9D66-1B94E033B0BD}
	EndGlobalSection
EndGlobal
