<?xml version="1.0" encoding="utf-8"?>
<Project ToolsVersion="15.0" xmlns="http://schemas.microsoft.com/developer/msbuild/2003">
  <ItemGroup>
    <ClCompile Include="..\comm\adler32.c">
      <Filter>Source Files</Filter>
    </ClCompile>
    <ClCompile Include="..\comm\alarm.cc">
      <Filter>Source Files</Filter>
    </ClCompile>
    <ClCompile Include="..\comm\anr.cc">
      <Filter>Source Files</Filter>
    </ClCompile>
    <ClCompile Include="..\comm\autobuffer.cc">
      <Filter>Source Files</Filter>
    </ClCompile>
    <ClCompile Include="..\comm\basepacker.cc">
      <Filter>Source Files</Filter>
    </ClCompile>
    <ClCompile Include="..\comm\boost_exception.cc">
      <Filter>Source Files</Filter>
    </ClCompile>
    <ClCompile Include="..\comm\comm_frequency_limit.cc">
      <Filter>Source Files</Filter>
    </ClCompile>
    <ClCompile Include="..\comm\http.cc">
      <Filter>Source Files</Filter>
    </ClCompile>
    <ClCompile Include="..\comm\memdbg.cc">
      <Filter>Source Files</Filter>
    </ClCompile>
    <ClCompile Include="..\comm\mmap_util.cc">
      <Filter>Source Files</Filter>
    </ClCompile>
    <ClCompile Include="..\comm\ptrbuffer.cc">
      <Filter>Source Files</Filter>
    </ClCompile>
    <ClCompile Include="..\comm\singleton.cc">
      <Filter>Source Files</Filter>
    </ClCompile>
    <ClCompile Include="..\comm\strutil.cc">
      <Filter>Source Files</Filter>
    </ClCompile>
    <ClCompile Include="..\comm\tickcount.cc">
      <Filter>Source Files</Filter>
    </ClCompile>
    <ClCompile Include="..\comm\time_utils.c">
      <Filter>Source Files</Filter>
    </ClCompile>
    <ClCompile Include="..\comm\tinyxml2.cc">
      <Filter>Source Files</Filter>
    </ClCompile>
    <ClCompile Include="..\comm\assert\__assert.c">
      <Filter>assert</Filter>
    </ClCompile>
    <ClCompile Include="..\comm\crypt\ibase64.cc">
      <Filter>crypt</Filter>
    </ClCompile>
    <ClCompile Include="..\comm\crypt\pkcs7_padding.c">
      <Filter>crypt</Filter>
    </ClCompile>
    <ClCompile Include="..\comm\network\getaddrinfo_with_timeout.cc">
      <Filter>network</Filter>
    </ClCompile>
    <ClCompile Include="..\comm\network\getdnssvraddrs.cc">
      <Filter>network</Filter>
    </ClCompile>
    <ClCompile Include="..\comm\network\getgateway.c">
      <Filter>network</Filter>
    </ClCompile>
    <ClCompile Include="..\comm\network\getifaddrs.cc">
      <Filter>network</Filter>
    </ClCompile>
    <ClCompile Include="..\comm\network\netinfo_util.cc">
      <Filter>network</Filter>
    </ClCompile>
    <ClCompile Include="..\comm\socket\block_socket.cc">
      <Filter>socket</Filter>
    </ClCompile>
    <ClCompile Include="..\comm\socket\complexconnect.cc">
      <Filter>socket</Filter>
    </ClCompile>
    <ClCompile Include="..\comm\socket\local_ipstack.cc">
      <Filter>socket</Filter>
    </ClCompile>
    <ClCompile Include="..\comm\socket\nat64_prefix_util.cc">
      <Filter>socket</Filter>
    </ClCompile>
    <ClCompile Include="..\comm\socket\socket_address.cc">
      <Filter>socket</Filter>
    </ClCompile>
    <ClCompile Include="..\comm\socket\tcpclient.cc">
      <Filter>socket</Filter>
    </ClCompile>
    <ClCompile Include="..\comm\socket\tcpclient_fsm.cc">
      <Filter>socket</Filter>
    </ClCompile>
    <ClCompile Include="..\comm\socket\tcpserver.cc">
      <Filter>socket</Filter>
    </ClCompile>
    <ClCompile Include="..\comm\socket\tcpserver_fsm.cc">
      <Filter>socket</Filter>
    </ClCompile>
    <ClCompile Include="..\comm\socket\udpclient.cc">
      <Filter>socket</Filter>
    </ClCompile>
    <ClCompile Include="..\comm\socket\udpserver.cc">
      <Filter>socket</Filter>
    </ClCompile>
    <ClCompile Include="..\comm\socket\unix_socket.cc">
      <Filter>socket</Filter>
    </ClCompile>
    <ClCompile Include="..\comm\xlogger\loginfo_extract.c">
      <Filter>xlogger</Filter>
    </ClCompile>
    <ClCompile Include="..\comm\xlogger\xloggerbase.c">
      <Filter>xlogger</Filter>
    </ClCompile>
    <ClCompile Include="..\comm\corepattern\coreservice_base.cc">
      <Filter>corepattern</Filter>
    </ClCompile>
    <ClCompile Include="..\comm\dns\dns.cc">
      <Filter>dns</Filter>
    </ClCompile>
    <ClCompile Include="..\comm\messagequeue\message_queue.cc">
      <Filter>messagequeue</Filter>
    </ClCompile>
    <ClCompile Include="..\comm\windows\TssGC.cpp">
      <Filter>windows</Filter>
    </ClCompile>
    <ClCompile Include="..\comm\windows\projdef.cc">
      <Filter>windows</Filter>
    </ClCompile>
    <ClCompile Include="..\comm\windows\unistd.c">
      <Filter>windows</Filter>
    </ClCompile>
    <ClCompile Include="..\comm\windows\uwp_compatible.cpp">
      <Filter>windows</Filter>
    </ClCompile>
    <ClCompile Include="..\comm\windows\xlogger_threadinfo.cpp">
      <Filter>windows</Filter>
    </ClCompile>
    <ClCompile Include="..\comm\windows\zlib\adler32.c">
      <Filter>windows\zlib</Filter>
    </ClCompile>
    <ClCompile Include="..\comm\windows\zlib\compress.c">
      <Filter>windows\zlib</Filter>
    </ClCompile>
    <ClCompile Include="..\comm\windows\zlib\crc32.c">
      <Filter>windows\zlib</Filter>
    </ClCompile>
    <ClCompile Include="..\comm\windows\zlib\deflate.c">
      <Filter>windows\zlib</Filter>
    </ClCompile>
    <ClCompile Include="..\comm\windows\zlib\gzclose.c">
      <Filter>windows\zlib</Filter>
    </ClCompile>
    <ClCompile Include="..\comm\windows\zlib\gzlib.c">
      <Filter>windows\zlib</Filter>
    </ClCompile>
    <ClCompile Include="..\comm\windows\zlib\gzread.c">
      <Filter>windows\zlib</Filter>
    </ClCompile>
    <ClCompile Include="..\comm\windows\zlib\gzwrite.c">
      <Filter>windows\zlib</Filter>
    </ClCompile>
    <ClCompile Include="..\comm\windows\zlib\infback.c">
      <Filter>windows\zlib</Filter>
    </ClCompile>
    <ClCompile Include="..\comm\windows\zlib\inffast.c">
      <Filter>windows\zlib</Filter>
    </ClCompile>
    <ClCompile Include="..\comm\windows\zlib\inflate.c">
      <Filter>windows\zlib</Filter>
    </ClCompile>
    <ClCompile Include="..\comm\windows\zlib\inftrees.c">
      <Filter>windows\zlib</Filter>
    </ClCompile>
    <ClCompile Include="..\comm\windows\zlib\trees.c">
      <Filter>windows\zlib</Filter>
    </ClCompile>
    <ClCompile Include="..\comm\windows\zlib\uncompr.c">
      <Filter>windows\zlib</Filter>
    </ClCompile>
    <ClCompile Include="..\comm\windows\zlib\zutil.c">
      <Filter>windows\zlib</Filter>
    </ClCompile>
    <ClCompile Include="..\comm\windows\win32\NetUtil.cpp">
      <Filter>windows\win32</Filter>
    </ClCompile>
    <ClCompile Include="..\comm\windows\win32\platform_comm.cpp">
      <Filter>windows\win32</Filter>
    </ClCompile>
    <ClCompile Include="..\comm\windows\sys\time.c">
      <Filter>windows\sys</Filter>
    </ClCompile>
    <ClCompile Include="..\comm\windows\SocketSelect\socketselect2.cc">
      <Filter>windows\SocketSelect</Filter>
    </ClCompile>
  </ItemGroup>
  <ItemGroup>
    <ClInclude Include="..\comm\adler32.h">
      <Filter>Header Files</Filter>
    </ClInclude>
    <ClInclude Include="..\comm\alarm.h">
      <Filter>Header Files</Filter>
    </ClInclude>
    <ClInclude Include="..\comm\anr.h">
      <Filter>Header Files</Filter>
    </ClInclude>
    <ClInclude Include="..\comm\autobuffer.h">
      <Filter>Header Files</Filter>
    </ClInclude>
    <ClInclude Include="..\comm\basepacker.h">
      <Filter>Header Files</Filter>
    </ClInclude>
    <ClInclude Include="..\comm\bootregister.h">
      <Filter>Header Files</Filter>
    </ClInclude>
    <ClInclude Include="..\comm\bootrun.h">
      <Filter>Header Files</Filter>
    </ClInclude>
    <ClInclude Include="..\comm\comm_data.h">
      <Filter>Header Files</Filter>
    </ClInclude>
    <ClInclude Include="..\comm\comm_frequency_limit.h">
      <Filter>Header Files</Filter>
    </ClInclude>
    <ClInclude Include="..\comm\compiler_util.h">
      <Filter>Header Files</Filter>
    </ClInclude>
    <ClInclude Include="..\comm\has_member.h">
      <Filter>Header Files</Filter>
    </ClInclude>
    <ClInclude Include="..\comm\http.h">
      <Filter>Header Files</Filter>
    </ClInclude>
    <ClInclude Include="..\comm\ini.h">
      <Filter>Header Files</Filter>
    </ClInclude>
    <ClInclude Include="..\comm\marcotoolkit.h">
      <Filter>Header Files</Filter>
    </ClInclude>
    <ClInclude Include="..\comm\memdbg.h">
      <Filter>Header Files</Filter>
    </ClInclude>
    <ClInclude Include="..\comm\mmap_util.h">
      <Filter>Header Files</Filter>
    </ClInclude>
    <ClInclude Include="..\comm\move_wrapper.h">
      <Filter>Header Files</Filter>
    </ClInclude>
    <ClInclude Include="..\comm\platform_comm.h">
      <Filter>Header Files</Filter>
    </ClInclude>
    <ClInclude Include="..\comm\projdef.h">
      <Filter>Header Files</Filter>
    </ClInclude>
    <ClInclude Include="..\comm\ptrbuffer.h">
      <Filter>Header Files</Filter>
    </ClInclude>
    <ClInclude Include="..\comm\scope_recursion_limit.h">
      <Filter>Header Files</Filter>
    </ClInclude>
    <ClInclude Include="..\comm\singleton.h">
      <Filter>Header Files</Filter>
    </ClInclude>
    <ClInclude Include="..\comm\string_cast.h">
      <Filter>Header Files</Filter>
    </ClInclude>
    <ClInclude Include="..\comm\strutil.h">
      <Filter>Header Files</Filter>
    </ClInclude>
    <ClInclude Include="..\comm\tickcount.h">
      <Filter>Header Files</Filter>
    </ClInclude>
    <ClInclude Include="..\comm\time_utils.h">
      <Filter>Header Files</Filter>
    </ClInclude>
    <ClInclude Include="..\comm\tinyxml2.h">
      <Filter>Header Files</Filter>
    </ClInclude>
    <ClInclude Include="..\comm\verinfo.h">
      <Filter>Header Files</Filter>
    </ClInclude>
    <ClInclude Include="..\comm\assert\__assert.h">
      <Filter>assert</Filter>
    </ClInclude>
    <ClInclude Include="..\comm\crypt\ibase64.h">
      <Filter>crypt</Filter>
    </ClInclude>
    <ClInclude Include="..\comm\crypt\pkcs7_padding.h">
      <Filter>crypt</Filter>
    </ClInclude>
    <ClInclude Include="..\comm\network\getaddrinfo_with_timeout.h">
      <Filter>network</Filter>
    </ClInclude>
    <ClInclude Include="..\comm\network\getdnssvraddrs.h">
      <Filter>network</Filter>
    </ClInclude>
    <ClInclude Include="..\comm\network\getgateway.h">
      <Filter>network</Filter>
    </ClInclude>
    <ClInclude Include="..\comm\network\getifaddrs.h">
      <Filter>network</Filter>
    </ClInclude>
    <ClInclude Include="..\comm\network\netinfo_util.h">
      <Filter>network</Filter>
    </ClInclude>
    <ClInclude Include="..\comm\socket\block_socket.h">
      <Filter>socket</Filter>
    </ClInclude>
    <ClInclude Include="..\comm\socket\complexconnect.h">
      <Filter>socket</Filter>
    </ClInclude>
    <ClInclude Include="..\comm\socket\ipv6_address_utils.h">
      <Filter>socket</Filter>
    </ClInclude>
    <ClInclude Include="..\comm\socket\local_ipstack.h">
      <Filter>socket</Filter>
    </ClInclude>
    <ClInclude Include="..\comm\socket\nat64_prefix_util.h">
      <Filter>socket</Filter>
    </ClInclude>
    <ClInclude Include="..\comm\socket\socket_address.h">
      <Filter>socket</Filter>
    </ClInclude>
    <ClInclude Include="..\comm\socket\socketbreaker.h">
      <Filter>socket</Filter>
    </ClInclude>
    <ClInclude Include="..\comm\socket\socketpoll.h">
      <Filter>socket</Filter>
    </ClInclude>
    <ClInclude Include="..\comm\socket\socketselect.h">
      <Filter>socket</Filter>
    </ClInclude>
    <ClInclude Include="..\comm\socket\tcp_fsm_handler.h">
      <Filter>socket</Filter>
    </ClInclude>
    <ClInclude Include="..\comm\socket\tcpclient.h">
      <Filter>socket</Filter>
    </ClInclude>
    <ClInclude Include="..\comm\socket\tcpclient_fsm.h">
      <Filter>socket</Filter>
    </ClInclude>
    <ClInclude Include="..\comm\socket\tcpserver.h">
      <Filter>socket</Filter>
    </ClInclude>
    <ClInclude Include="..\comm\socket\tcpserver_fsm.h">
      <Filter>socket</Filter>
    </ClInclude>
    <ClInclude Include="..\comm\socket\udpclient.h">
      <Filter>socket</Filter>
    </ClInclude>
    <ClInclude Include="..\comm\socket\udpserver.h">
      <Filter>socket</Filter>
    </ClInclude>
    <ClInclude Include="..\comm\socket\unix_socket.h">
      <Filter>socket</Filter>
    </ClInclude>
    <ClInclude Include="..\comm\xlogger\android_xlog.h">
      <Filter>xlogger</Filter>
    </ClInclude>
    <ClInclude Include="..\comm\xlogger\loginfo_extract.h">
      <Filter>xlogger</Filter>
    </ClInclude>
    <ClInclude Include="..\comm\xlogger\preprocessor.h">
      <Filter>xlogger</Filter>
    </ClInclude>
    <ClInclude Include="..\comm\xlogger\xlogger.h">
      <Filter>xlogger</Filter>
    </ClInclude>
    <ClInclude Include="..\comm\xlogger\xloggerbase.h">
      <Filter>xlogger</Filter>
    </ClInclude>
    <ClInclude Include="..\comm\corepattern\coreservice_base.h">
      <Filter>corepattern</Filter>
    </ClInclude>
    <ClInclude Include="..\comm\corepattern\service_base.h">
      <Filter>corepattern</Filter>
    </ClInclude>
    <ClInclude Include="..\comm\dns\dns.h">
      <Filter>dns</Filter>
    </ClInclude>
    <ClInclude Include="..\comm\messagequeue\callback.h">
      <Filter>messagequeue</Filter>
    </ClInclude>
    <ClInclude Include="..\comm\messagequeue\message_queue.h">
      <Filter>messagequeue</Filter>
    </ClInclude>
    <ClInclude Include="..\comm\windows\TssGC.h">
      <Filter>windows</Filter>
    </ClInclude>
    <ClInclude Include="..\comm\windows\VersionHelpers.h">
      <Filter>windows</Filter>
    </ClInclude>
    <ClInclude Include="..\comm\windows\dirent.h">
      <Filter>windows</Filter>
    </ClInclude>
    <ClInclude Include="..\comm\windows\projdef.h">
      <Filter>windows</Filter>
    </ClInclude>
    <ClInclude Include="..\comm\windows\unistd.h">
      <Filter>windows</Filter>
    </ClInclude>
    <ClInclude Include="..\comm\windows\zlib\crc32.h">
      <Filter>windows\zlib</Filter>
    </ClInclude>
    <ClInclude Include="..\comm\windows\zlib\deflate.h">
      <Filter>windows\zlib</Filter>
    </ClInclude>
    <ClInclude Include="..\comm\windows\zlib\gzguts.h">
      <Filter>windows\zlib</Filter>
    </ClInclude>
    <ClInclude Include="..\comm\windows\zlib\inffast.h">
      <Filter>windows\zlib</Filter>
    </ClInclude>
    <ClInclude Include="..\comm\windows\zlib\inffixed.h">
      <Filter>windows\zlib</Filter>
    </ClInclude>
    <ClInclude Include="..\comm\windows\zlib\inflate.h">
      <Filter>windows\zlib</Filter>
    </ClInclude>
    <ClInclude Include="..\comm\windows\zlib\inftrees.h">
      <Filter>windows\zlib</Filter>
    </ClInclude>
    <ClInclude Include="..\comm\windows\zlib\trees.h">
      <Filter>windows\zlib</Filter>
    </ClInclude>
    <ClInclude Include="..\comm\windows\zlib\zconf.h">
      <Filter>windows\zlib</Filter>
    </ClInclude>
    <ClInclude Include="..\comm\windows\zlib\zlib.h">
      <Filter>windows\zlib</Filter>
    </ClInclude>
    <ClInclude Include="..\comm\windows\zlib\zutil.h">
      <Filter>windows\zlib</Filter>
    </ClInclude>
    <ClInclude Include="..\comm\windows\win32\NetUtil.h">
      <Filter>windows\win32</Filter>
    </ClInclude>
    <ClInclude Include="..\comm\windows\win32\winhttp.h">
      <Filter>windows\win32</Filter>
    </ClInclude>
    <ClInclude Include="..\comm\windows\sys\cdefs.h">
      <Filter>windows\sys</Filter>
    </ClInclude>
    <ClInclude Include="..\comm\windows\sys\time.h">
      <Filter>windows\sys</Filter>
    </ClInclude>
    <ClInclude Include="..\comm\windows\SocketSelect\SocketSelect.h">
      <Filter>windows\SocketSelect</Filter>
    </ClInclude>
    <ClInclude Include="..\comm\windows\SocketSelect\SocketSelect2.h">
      <Filter>windows\SocketSelect</Filter>
    </ClInclude>
  </ItemGroup>
  <ItemGroup>
    <CustomBuild Include="..\comm\CMakeLists.txt" />
  </ItemGroup>
  <ItemGroup>
    <Filter Include="Header Files">
      <UniqueIdentifier>{50415640-7F0B-328F-BB94-B3679DF361F0}</UniqueIdentifier>
    </Filter>
    <Filter Include="Source Files">
      <UniqueIdentifier>{28D8AD0D-1358-3D37-ACEE-B4D5B738FEC5}</UniqueIdentifier>
    </Filter>
    <Filter Include="assert">
      <UniqueIdentifier>{F31A637A-3BB8-3211-B04E-F4EFFFBB0918}</UniqueIdentifier>
    </Filter>
    <Filter Include="corepattern">
      <UniqueIdentifier>{84FBE84F-BEDA-3DA4-92DE-F99FE5C1805D}</UniqueIdentifier>
    </Filter>
    <Filter Include="crypt">
      <UniqueIdentifier>{A508AF7F-8EF1-38AB-9C68-0F99E43F4CA0}</UniqueIdentifier>
    </Filter>
    <Filter Include="dns">
      <UniqueIdentifier>{3D0C5ABE-4B84-3D58-BE72-3F69E3C38091}</UniqueIdentifier>
    </Filter>
    <Filter Include="messagequeue">
      <UniqueIdentifier>{67AC600A-7C86-3596-9EB1-1CB71A400C84}</UniqueIdentifier>
    </Filter>
    <Filter Include="network">
      <UniqueIdentifier>{4BDFCD51-6A1E-39F1-8BB3-F4AEFEFA84E3}</UniqueIdentifier>
    </Filter>
    <Filter Include="socket">
      <UniqueIdentifier>{AD1F2851-1AE7-390D-9B6E-D18CDAAF8F02}</UniqueIdentifier>
    </Filter>
    <Filter Include="windows">
      <UniqueIdentifier>{104BF00A-CDAB-32E7-9478-24D08AC7F6FC}</UniqueIdentifier>
    </Filter>
    <Filter Include="windows\SocketSelect">
      <UniqueIdentifier>{DFD799D3-D254-3F39-9377-D72D090349A5}</UniqueIdentifier>
    </Filter>
    <Filter Include="windows\sys">
      <UniqueIdentifier>{3F2AC674-B05E-32A0-9741-3D5E7BB7A925}</UniqueIdentifier>
    </Filter>
    <Filter Include="windows\win32">
      <UniqueIdentifier>{D531897C-D32B-3AB1-9D2C-052792407687}</UniqueIdentifier>
    </Filter>
    <Filter Include="windows\zlib">
      <UniqueIdentifier>{2606C0C9-6AEB-3489-A399-C724D2B70C22}</UniqueIdentifier>
    </Filter>
    <Filter Include="xlogger">
      <UniqueIdentifier>{2BCD0258-1CEE-3242-BA69-C6E9B6AF3F25}</UniqueIdentifier>
    </Filter>
  </ItemGroup>
</Project>
