<?xml version="1.0" encoding="utf-8"?>
<Project ToolsVersion="15.0" xmlns="http://schemas.microsoft.com/developer/msbuild/2003">
  <ItemGroup>
    <CustomBuild Include="G:\xProject_dp\SDK\mars\mars\CMakeFiles\6f1e5caad1259e588d3c08f9e831c229\INSTALL_force.rule">
      <Filter>CMake Rules</Filter>
    </CustomBuild>
  </ItemGroup>
  <ItemGroup>
    <Filter Include="CMake Rules">
      <UniqueIdentifier>{39C60A68-EE9C-3913-81E5-5575FDE401BB}</UniqueIdentifier>
    </Filter>
  </ItemGroup>
</Project>
