<?xml version="1.0" encoding="utf-8"?>
<Project ToolsVersion="15.0" xmlns="http://schemas.microsoft.com/developer/msbuild/2003">
  <ItemGroup>
    <CustomBuild Include="G:\GitHub\mars_123\mars\CMakeFiles\067999a7e18363efea2f7a6a39724360\INSTALL_force.rule">
      <Filter>CMake Rules</Filter>
    </CustomBuild>
  </ItemGroup>
  <ItemGroup>
    <Filter Include="CMake Rules">
      <UniqueIdentifier>{4E5679CA-2791-324F-BECA-6F5C7A78BC09}</UniqueIdentifier>
    </Filter>
  </ItemGroup>
</Project>
