Microsoft Visual Studio Solution File, Format Version 12.00
# Visual Studio 15
Project("{2150E333-8FDC-42A3-9474-1A3956D46DE8}") = "CMakePredefinedTargets", "CMakePredefinedTargets", "{6CE5C4FD-8AF1-3BC2-836F-4D7BE7D3B78F}"
EndProject
Project("{8BC9CEB8-8B4A-11D0-8D11-00A0C91BC942}") = "ALL_BUILD", "ALL_BUILD.vcxproj", "{FD4E8571-7D18-3621-9143-D99969F45F09}"
	ProjectSection(ProjectDependencies) = postProject
		{B63493E6-B865-38C7-BAD9-A1171C52C6DF} = {B63493E6-B865-38C7-BAD9-A1171C52C6DF}
		{E5DCDD1B-9D54-3158-BBC2-DD1F2EF46073} = {E5DCDD1B-9D54-3158-BBC2-DD1F2EF46073}
	EndProjectSection
EndProject
Project("{8BC9CEB8-8B4A-11D0-8D11-00A0C91BC942}") = "INSTALL", "INSTALL.vcxproj", "{C347837A-2CDA-3872-B6C4-42C3C25B9B77}"
	ProjectSection(ProjectDependencies) = postProject
		{FD4E8571-7D18-3621-9143-D99969F45F09} = {FD4E8571-7D18-3621-9143-D99969F45F09}
		{B63493E6-B865-38C7-BAD9-A1171C52C6DF} = {B63493E6-B865-38C7-BAD9-A1171C52C6DF}
	EndProjectSection
EndProject
Project("{8BC9CEB8-8B4A-11D0-8D11-00A0C91BC942}") = "ZERO_CHECK", "..\\ZERO_CHECK.vcxproj", "{B63493E6-B865-38C7-BAD9-A1171C52C6DF}"
	ProjectSection(ProjectDependencies) = postProject
	EndProjectSection
EndProject
Project("{8BC9CEB8-8B4A-11D0-8D11-00A0C91BC942}") = "mars-xlog", "mars-xlog.vcxproj", "{E5DCDD1B-9D54-3158-BBC2-DD1F2EF46073}"
	ProjectSection(ProjectDependencies) = postProject
		{B63493E6-B865-38C7-BAD9-A1171C52C6DF} = {B63493E6-B865-38C7-BAD9-A1171C52C6DF}
	EndProjectSection
EndProject
Global
	GlobalSection(SolutionConfigurationPlatforms) = preSolution
		Debug|Win32 = Debug|Win32
		Release|Win32 = Release|Win32
	EndGlobalSection
	GlobalSection(ProjectConfigurationPlatforms) = postSolution
		{FD4E8571-7D18-3621-9143-D99969F45F09}.Debug|Win32.ActiveCfg = Debug|Win32
		{FD4E8571-7D18-3621-9143-D99969F45F09}.Debug|Win32.Build.0 = Debug|Win32
		{FD4E8571-7D18-3621-9143-D99969F45F09}.Release|Win32.ActiveCfg = Release|Win32
		{FD4E8571-7D18-3621-9143-D99969F45F09}.Release|Win32.Build.0 = Release|Win32
		{C347837A-2CDA-3872-B6C4-42C3C25B9B77}.Debug|Win32.ActiveCfg = Debug|Win32
		{C347837A-2CDA-3872-B6C4-42C3C25B9B77}.Release|Win32.ActiveCfg = Release|Win32
		{B63493E6-B865-38C7-BAD9-A1171C52C6DF}.Debug|Win32.ActiveCfg = Debug|Win32
		{B63493E6-B865-38C7-BAD9-A1171C52C6DF}.Debug|Win32.Build.0 = Debug|Win32
		{B63493E6-B865-38C7-BAD9-A1171C52C6DF}.Release|Win32.ActiveCfg = Release|Win32
		{B63493E6-B865-38C7-BAD9-A1171C52C6DF}.Release|Win32.Build.0 = Release|Win32
		{E5DCDD1B-9D54-3158-BBC2-DD1F2EF46073}.Debug|Win32.ActiveCfg = Debug|Win32
		{E5DCDD1B-9D54-3158-BBC2-DD1F2EF46073}.Debug|Win32.Build.0 = Debug|Win32
		{E5DCDD1B-9D54-3158-BBC2-DD1F2EF46073}.Release|Win32.ActiveCfg = Release|Win32
		{E5DCDD1B-9D54-3158-BBC2-DD1F2EF46073}.Release|Win32.Build.0 = Release|Win32
	EndGlobalSection
	GlobalSection(NestedProjects) = preSolution
		{FD4E8571-7D18-3621-9143-D99969F45F09} = {6CE5C4FD-8AF1-3BC2-836F-4D7BE7D3B78F}
		{C347837A-2CDA-3872-B6C4-42C3C25B9B77} = {6CE5C4FD-8AF1-3BC2-836F-4D7BE7D3B78F}
		{B63493E6-B865-38C7-BAD9-A1171C52C6DF} = {6CE5C4FD-8AF1-3BC2-836F-4D7BE7D3B78F}
	EndGlobalSection
	GlobalSection(ExtensibilityGlobals) = postSolution
		SolutionGuid = {4F8E3480-6680-3D0D-A25B-0AC0FC7079C7}
	EndGlobalSection
	GlobalSection(ExtensibilityAddIns) = postSolution
	EndGlobalSection
EndGlobal
