Microsoft Visual Studio Solution File, Format Version 12.00
# Visual Studio Version 16
VisualStudioVersion = 16.0.30011.22
MinimumVisualStudioVersion = 10.0.40219.1
Project("{2150E333-8FDC-42A3-9474-1A3956D46DE8}") = "CMakePredefinedTargets", "CMakePredefinedTargets", "{54A06252-6A3F-31D4-94C1-8FC74293102A}"
EndProject
Project("{8BC9CEB8-8B4A-11D0-8D11-00A0C91BC942}") = "ALL_BUILD", "ALL_BUILD.vcxproj", "{A50BAAE6-8AEF-3D31-8200-4E01306D54A4}"
	ProjectSection(ProjectDependencies) = postProject
		{29B47361-6B21-3E3B-A283-D17BCB0E1A69} = {29B47361-6B21-3E3B-A283-D17BCB0E1A69}
		{CDABB6EA-7598-3C49-8676-5DA3B7374B97} = {CDABB6EA-7598-3C49-8676-5DA3B7374B97}
	EndProjectSection
EndProject
Project("{8BC9CEB8-8B4A-11D0-8D11-00A0C91BC942}") = "INSTALL", "INSTALL.vcxproj", "{8372143A-171B-382A-870C-5E300C59F862}"
	ProjectSection(ProjectDependencies) = postProject
		{A50BAAE6-8AEF-3D31-8200-4E01306D54A4} = {A50BAAE6-8AEF-3D31-8200-4E01306D54A4}
		{29B47361-6B21-3E3B-A283-D17BCB0E1A69} = {29B47361-6B21-3E3B-A283-D17BCB0E1A69}
	EndProjectSection
EndProject
Project("{8BC9CEB8-8B4A-11D0-8D11-00A0C91BC942}") = "ZERO_CHECK", "..\ZERO_CHECK.vcxproj", "{29B47361-6B21-3E3B-A283-D17BCB0E1A69}"
EndProject
Project("{8BC9CEB8-8B4A-11D0-8D11-00A0C91BC942}") = "mars-xlog", "mars-xlog.vcxproj", "{CDABB6EA-7598-3C49-8676-5DA3B7374B97}"
	ProjectSection(ProjectDependencies) = postProject
		{29B47361-6B21-3E3B-A283-D17BCB0E1A69} = {29B47361-6B21-3E3B-A283-D17BCB0E1A69}
	EndProjectSection
EndProject
Global
	GlobalSection(SolutionConfigurationPlatforms) = preSolution
		Debug|Win32 = Debug|Win32
		Debug|x64 = Debug|x64
		Debug|x86 = Debug|x86
		Release|Win32 = Release|Win32
		Release|x64 = Release|x64
		Release|x86 = Release|x86
	EndGlobalSection
	GlobalSection(ProjectConfigurationPlatforms) = postSolution
		{A50BAAE6-8AEF-3D31-8200-4E01306D54A4}.Debug|Win32.ActiveCfg = Debug|x64
		{A50BAAE6-8AEF-3D31-8200-4E01306D54A4}.Debug|x64.ActiveCfg = Debug|x64
		{A50BAAE6-8AEF-3D31-8200-4E01306D54A4}.Debug|x64.Build.0 = Debug|x64
		{A50BAAE6-8AEF-3D31-8200-4E01306D54A4}.Debug|x86.ActiveCfg = Debug|x64
		{A50BAAE6-8AEF-3D31-8200-4E01306D54A4}.Release|Win32.ActiveCfg = Release|x64
		{A50BAAE6-8AEF-3D31-8200-4E01306D54A4}.Release|x64.ActiveCfg = Release|x64
		{A50BAAE6-8AEF-3D31-8200-4E01306D54A4}.Release|x64.Build.0 = Release|x64
		{A50BAAE6-8AEF-3D31-8200-4E01306D54A4}.Release|x86.ActiveCfg = Release|x64
		{8372143A-171B-382A-870C-5E300C59F862}.Debug|Win32.ActiveCfg = Debug|x64
		{8372143A-171B-382A-870C-5E300C59F862}.Debug|x64.ActiveCfg = Debug|x64
		{8372143A-171B-382A-870C-5E300C59F862}.Debug|x86.ActiveCfg = Debug|x64
		{8372143A-171B-382A-870C-5E300C59F862}.Release|Win32.ActiveCfg = Release|x64
		{8372143A-171B-382A-870C-5E300C59F862}.Release|x64.ActiveCfg = Release|x64
		{8372143A-171B-382A-870C-5E300C59F862}.Release|x86.ActiveCfg = Release|x64
		{29B47361-6B21-3E3B-A283-D17BCB0E1A69}.Debug|Win32.ActiveCfg = Debug|x64
		{29B47361-6B21-3E3B-A283-D17BCB0E1A69}.Debug|x64.ActiveCfg = Debug|x64
		{29B47361-6B21-3E3B-A283-D17BCB0E1A69}.Debug|x64.Build.0 = Debug|x64
		{29B47361-6B21-3E3B-A283-D17BCB0E1A69}.Debug|x86.ActiveCfg = Debug|x64
		{29B47361-6B21-3E3B-A283-D17BCB0E1A69}.Release|Win32.ActiveCfg = Release|x64
		{29B47361-6B21-3E3B-A283-D17BCB0E1A69}.Release|x64.ActiveCfg = Release|x64
		{29B47361-6B21-3E3B-A283-D17BCB0E1A69}.Release|x64.Build.0 = Release|x64
		{29B47361-6B21-3E3B-A283-D17BCB0E1A69}.Release|x86.ActiveCfg = Release|x64
		{CDABB6EA-7598-3C49-8676-5DA3B7374B97}.Debug|Win32.ActiveCfg = Debug|Win32
		{CDABB6EA-7598-3C49-8676-5DA3B7374B97}.Debug|Win32.Build.0 = Debug|Win32
		{CDABB6EA-7598-3C49-8676-5DA3B7374B97}.Debug|x64.ActiveCfg = Debug|x64
		{CDABB6EA-7598-3C49-8676-5DA3B7374B97}.Debug|x64.Build.0 = Debug|x64
		{CDABB6EA-7598-3C49-8676-5DA3B7374B97}.Debug|x86.ActiveCfg = Debug|Win32
		{CDABB6EA-7598-3C49-8676-5DA3B7374B97}.Debug|x86.Build.0 = Debug|Win32
		{CDABB6EA-7598-3C49-8676-5DA3B7374B97}.Release|Win32.ActiveCfg = Release|Win32
		{CDABB6EA-7598-3C49-8676-5DA3B7374B97}.Release|Win32.Build.0 = Release|Win32
		{CDABB6EA-7598-3C49-8676-5DA3B7374B97}.Release|x64.ActiveCfg = Release|x64
		{CDABB6EA-7598-3C49-8676-5DA3B7374B97}.Release|x64.Build.0 = Release|x64
		{CDABB6EA-7598-3C49-8676-5DA3B7374B97}.Release|x86.ActiveCfg = Release|Win32
		{CDABB6EA-7598-3C49-8676-5DA3B7374B97}.Release|x86.Build.0 = Release|Win32
	EndGlobalSection
	GlobalSection(SolutionProperties) = preSolution
		HideSolutionNode = FALSE
	EndGlobalSection
	GlobalSection(NestedProjects) = preSolution
		{A50BAAE6-8AEF-3D31-8200-4E01306D54A4} = {54A06252-6A3F-31D4-94C1-8FC74293102A}
		{8372143A-171B-382A-870C-5E300C59F862} = {54A06252-6A3F-31D4-94C1-8FC74293102A}
		{29B47361-6B21-3E3B-A283-D17BCB0E1A69} = {54A06252-6A3F-31D4-94C1-8FC74293102A}
	EndGlobalSection
	GlobalSection(ExtensibilityGlobals) = postSolution
		SolutionGuid = {EE8A2080-50B6-3699-9140-8E9B2B470938}
	EndGlobalSection
EndGlobal
