<?xml version="1.0" encoding="utf-8"?>
<Project ToolsVersion="15.0" xmlns="http://schemas.microsoft.com/developer/msbuild/2003">
  <ItemGroup>
    <ClCompile Include="..\log\src\appender.cc">
      <Filter>src</Filter>
    </ClCompile>
    <ClCompile Include="..\log\src\formater.cc">
      <Filter>src</Filter>
    </ClCompile>
    <ClCompile Include="..\log\src\log_buffer.cc">
      <Filter>src</Filter>
    </ClCompile>
    <ClCompile Include="..\log\crypt\log_crypt.cc">
      <Filter>crypt</Filter>
    </ClCompile>
    <ClCompile Include="..\log\crypt\micro-ecc-master\uECC.c">
      <Filter>crypt\micro-ecc-master</Filter>
    </ClCompile>
  </ItemGroup>
  <ItemGroup>
    <ClInclude Include="..\log\src\log_buffer.h">
      <Filter>src</Filter>
    </ClInclude>
    <ClInclude Include="..\log\crypt\log_crypt.h">
      <Filter>crypt</Filter>
    </ClInclude>
    <ClInclude Include="..\log\crypt\micro-ecc-master\types.h">
      <Filter>crypt\micro-ecc-master</Filter>
    </ClInclude>
    <ClInclude Include="..\log\crypt\micro-ecc-master\uECC.h">
      <Filter>crypt\micro-ecc-master</Filter>
    </ClInclude>
    <ClInclude Include="..\log\crypt\micro-ecc-master\uECC_vli.h">
      <Filter>crypt\micro-ecc-master</Filter>
    </ClInclude>
  </ItemGroup>
  <ItemGroup>
    <Filter Include="crypt">
      <UniqueIdentifier>{A508AF7F-8EF1-38AB-9C68-0F99E43F4CA0}</UniqueIdentifier>
    </Filter>
    <Filter Include="crypt\micro-ecc-master">
      <UniqueIdentifier>{96A6E654-D5B8-3D7B-AA89-D64A0C392C2A}</UniqueIdentifier>
    </Filter>
    <Filter Include="src">
      <UniqueIdentifier>{7194AF6B-FCF7-3756-8AFA-C34C79AEA797}</UniqueIdentifier>
    </Filter>
  </ItemGroup>
</Project>